# Generated by conda-lock.
# platform: osx-arm64
# input_hash: ede9ed8bb8be10af3d350a33ac6cbd30bf563a9f3daa41ba238af1b52261e83a
@EXPLICIT
https://conda.anaconda.org/conda-forge/osx-arm64/eigen-abi-3.4.0.100-h485a483_2.conda#3a0f17ee5033f14086eff2ff53ad1ba5
https://conda.anaconda.org/conda-forge/noarch/font-ttf-dejavu-sans-mono-2.37-hab24e00_0.tar.bz2#0c96522c6bdaed4b1566d11387caaf45
https://conda.anaconda.org/conda-forge/noarch/font-ttf-inconsolata-3.000-h77eed37_0.tar.bz2#34893075a5c9e55cdafac56607368fc6
https://conda.anaconda.org/conda-forge/noarch/font-ttf-source-code-pro-2.038-h77eed37_0.tar.bz2#4d59c254e01d9cde7957100457e2d5fb
https://conda.anaconda.org/conda-forge/noarch/font-ttf-ubuntu-0.83-h77eed37_3.conda#49023d73832ef61042f6a237cb2687e7
https://conda.anaconda.org/conda-forge/osx-arm64/hicolor-icon-theme-0.17-hce30654_3.conda#cfb39109ac5fa8601eb595d66d5bf156
https://conda.anaconda.org/conda-forge/osx-arm64/libboost-headers-1.88.0-hce30654_7.conda#acd2ad1240e578149cf7c9f85dbd521b
https://conda.anaconda.org/conda-forge/osx-arm64/mumps-include-5.8.2-h2ca763e_2.conda#99073be867a14872be24fe21a23b18c0
https://conda.anaconda.org/conda-forge/noarch/python_abi-3.14-8_cp314.conda#0539938c55b6b1a59b560e843ad864a4
https://conda.anaconda.org/conda-forge/noarch/tzdata-2026c-h151e31d_0.conda#fcb489df604d100968b737f2cb6076c6
https://conda.anaconda.org/conda-forge/osx-arm64/bzip2-1.0.8-hd037594_9.conda#620b85a3f45526a8bc4d23fd78fc22f0
https://conda.anaconda.org/conda-forge/noarch/ca-certificates-2026.7.22-hbd8a1cb_0.conda#0f51e2391ade309db462a55611263e9c
https://conda.anaconda.org/conda-forge/osx-arm64/epoxy-1.5.10-hc919400_2.conda#3b87dabebe54c6d66a07b97b53ac5874
https://conda.anaconda.org/conda-forge/noarch/fonts-conda-forge-1-hc364b38_1.conda#a7970cd949a077b7cb9696379d338681
https://conda.anaconda.org/conda-forge/osx-arm64/fribidi-1.0.16-hc919400_0.conda#04bdce8d93a4ed181d1d726163c2d447
https://conda.anaconda.org/conda-forge/osx-arm64/icu-78.3-hc7cc350_2.conda#6133ddbb17ba2b50700dd88e9303ce27
https://conda.anaconda.org/conda-forge/osx-arm64/libblasfeo-0.1.4.3-h7d53118_100.conda#46bf90e9b7b3e1432b66575eb98970f8
https://conda.anaconda.org/conda-forge/osx-arm64/libbrotlicommon-1.2.0-hc919400_1.conda#006e7ddd8a110771134fcc4e1e3a6ffa
https://conda.anaconda.org/conda-forge/osx-arm64/libcxx-22.1.8-h55c6f16_0.conda#89f76a2a21a3ec3ec983b5eb237c4113
https://conda.anaconda.org/conda-forge/osx-arm64/libdeflate-1.25-hc11a715_0.conda#a6130c709305cd9828b4e1bd9ba0000c
https://conda.anaconda.org/conda-forge/osx-arm64/libexpat-2.8.1-hf6b4638_1.conda#a915151d5d3c5bf039f5ccc8402a436f
https://conda.anaconda.org/conda-forge/osx-arm64/libffi-3.5.2-hcf2aa1b_0.conda#43c04d9cb46ef176bb2a4c77e324d599
https://conda.anaconda.org/conda-forge/osx-arm64/libiconv-1.18-h23cfdf5_2.conda#4d5a7445f0b25b6a3ddbb56e790f5251
https://conda.anaconda.org/conda-forge/osx-arm64/libjpeg-turbo-3.2.0-h84a0fba_0.conda#8f05a69b7e870574a2d366043f1515b1
https://conda.anaconda.org/conda-forge/osx-arm64/liblzma-5.8.3-h8088a28_0.conda#b1fd823b5ae54fbec272cea0811bd8a9
https://conda.anaconda.org/conda-forge/osx-arm64/libmpdec-4.0.0-h84a0fba_1.conda#57c4be259f5e0b99a5983799a228ae55
https://conda.anaconda.org/conda-forge/osx-arm64/libntlm-1.8-h5505292_0.conda#c90c1d3bd778f5ec0d4bb4ef36cbd5b6
https://conda.anaconda.org/conda-forge/osx-arm64/libogg-1.3.5-h48c0fde_1.conda#29b8b11f6d7e6bd0e76c029dcf9dd024
https://conda.anaconda.org/conda-forge/osx-arm64/libopus-1.6.1-h1a92334_0.conda#7f414dd3fd1cb7a76e51fec074a9c49e
https://conda.anaconda.org/conda-forge/osx-arm64/libwebp-base-1.6.0-h07db88b_0.conda#e5e7d467f80da752be17796b87fe6385
https://conda.anaconda.org/conda-forge/osx-arm64/libzlib-1.3.2-h8088a28_2.conda#bc5a5721b6439f2f62a84f2548136082
https://conda.anaconda.org/conda-forge/osx-arm64/llvm-openmp-22.1.8-hc7d1edf_0.conda#a9c118f6343fb6301b6f3b4e94c4c562
https://conda.anaconda.org/conda-forge/osx-arm64/metis-5.1.0-h15f6cfe_1007.conda#7687ec5796288536947bf616179726d8
https://conda.anaconda.org/conda-forge/osx-arm64/ncurses-6.6-h1d4f5a5_0.conda#343d10ed5b44030a2f67193905aea159
https://conda.anaconda.org/conda-forge/osx-arm64/pthread-stubs-0.4-hd74edd7_1002.conda#415816daf82e0b23a736a069a75e9da7
https://conda.anaconda.org/conda-forge/osx-arm64/xorg-libxau-1.0.12-hc919400_1.conda#78b548eed8227a689f93775d5d23ae09
https://conda.anaconda.org/conda-forge/osx-arm64/xorg-libxdmcp-1.1.5-hc919400_1.conda#9d1299ace1924aa8f4e0bc8e71dd0cf7
https://conda.anaconda.org/conda-forge/osx-arm64/yaml-0.2.5-h925e9cb_3.conda#78a0fe9e9c50d2c381e8ee47e3ea437d
https://conda.anaconda.org/conda-forge/osx-arm64/_openmp_mutex-4.5-7_kmp_llvm.conda#a44032f282e7d2acdeb1c240308052dd
https://conda.anaconda.org/conda-forge/osx-arm64/ampl-asl-1.0.0-h286801f_2.conda#bb25b8fa2b28474412dda4e1a95853b4
https://conda.anaconda.org/conda-forge/osx-arm64/cli11-2.6.2-h784d473_0.conda#d7fa57f42bc657a10352a044daa141e2
https://conda.anaconda.org/conda-forge/osx-arm64/console_bridge-1.0.2-h3e96240_1.tar.bz2#e2dde786c16d90869de84d458af36d92
https://conda.anaconda.org/conda-forge/osx-arm64/eigen-3.4.0-h784d473_2.conda#c31a869144b29f9b30d64e0265f78770
https://conda.anaconda.org/conda-forge/osx-arm64/fmt-12.1.0-h403dcb5_0.conda#ae2f556fbb43e5a75cc80a47ac942a8e
https://conda.anaconda.org/conda-forge/noarch/fonts-conda-ecosystem-1-0.tar.bz2#fee5683a3f04bd15cbd8318b096a27ab
https://conda.anaconda.org/conda-forge/osx-arm64/gmp-6.3.0-h7bae524_2.conda#eed7278dfbab727b56f2c0b64330814b
https://conda.anaconda.org/conda-forge/osx-arm64/graphite2-1.3.15-hf6b4638_0.conda#0d576cff278a2e60456d5b2c0a1ffda3
https://conda.anaconda.org/conda-forge/osx-arm64/lerc-4.2.0-h1eee2c3_0.conda#e429aec4037d5cb8fd34ded9f5dadd39
https://conda.anaconda.org/conda-forge/osx-arm64/libasprintf-0.25.1-h493aca8_0.conda#0deb80a2d6097c5fb98b495370b2435b
https://conda.anaconda.org/conda-forge/osx-arm64/libbrotlidec-1.2.0-hc919400_1.conda#079e88933963f3f149054eec2c487bc2
https://conda.anaconda.org/conda-forge/osx-arm64/libbrotlienc-1.2.0-hc919400_1.conda#b2b7c8288ca1a2d71ff97a8e6a1e8883
https://conda.anaconda.org/conda-forge/osx-arm64/libedit-3.1.20250104-pl5321hafb1f1b_0.conda#44083d2d2c2025afca315c7a172eab2b
https://conda.anaconda.org/conda-forge/osx-arm64/libfatrop-0.0.4-h286801f_1.conda#00cb2b510ea71f73263e59e8253d0720
https://conda.anaconda.org/conda-forge/osx-arm64/libgz-cmake-5.1.1-h784d473_0.conda#cdfb662e458a1c5cc9432aec2fd1f57a
https://conda.anaconda.org/conda-forge/osx-arm64/libintl-0.25.1-h493aca8_0.conda#5103f6a6b210a3912faf8d7db516918c
https://conda.anaconda.org/conda-forge/osx-arm64/libpng-1.6.58-h132b30e_0.conda#2259ae0949dbe20c0665850365109b27
https://conda.anaconda.org/conda-forge/osx-arm64/libqdldl-0.1.8-ha1acc90_1.conda#f05eddf92ad3908f9beaf3b1c6ad84fe
https://conda.anaconda.org/conda-forge/osx-arm64/libsqlite-3.53.4-h1ae2325_0.conda#0e3477c0c3e718dcf2eb74ccc8f68570
https://conda.anaconda.org/conda-forge/osx-arm64/libvorbis-1.3.7-h81086ad_2.conda#719e7653178a09f5ca0aa05f349b41f7
https://conda.anaconda.org/conda-forge/osx-arm64/libxcb-1.17.0-hdb1d25a_0.conda#af523aae2eca6dfa1c8eec693f5b9a79
https://conda.anaconda.org/conda-forge/osx-arm64/libxml2-16-2.15.3-h5ef1a60_0.conda#19edaa53885fc8205614b03da2482282
https://conda.anaconda.org/conda-forge/osx-arm64/nspr-4.38-heaf21c2_0.conda#0b528ead848386c8a53ee0b76fbf2ac1
https://conda.anaconda.org/conda-forge/osx-arm64/octomap-1.10.0-h7b3277c_0.conda#b58ab4e998bb09e7666eb15c34802df2
https://conda.anaconda.org/conda-forge/osx-arm64/openssl-3.6.3-hd24854e_0.conda#8187a86242741725bfa74785fe812979
https://conda.anaconda.org/conda-forge/osx-arm64/pcre2-10.47-h30297fc_0.conda#9b4190c4055435ca3502070186eba53a
https://conda.anaconda.org/conda-forge/osx-arm64/pixman-0.46.4-h784d473_2.conda#63b5e8afb859517d0073b295f1aa9589
https://conda.anaconda.org/conda-forge/osx-arm64/qhull-2020.2-h420ef59_5.conda#6483b1f59526e05d7d894e466b5b6924
https://conda.anaconda.org/conda-forge/osx-arm64/readline-8.3-h46df422_0.conda#f8381319127120ce51e081dce4865cf4
https://conda.anaconda.org/conda-forge/osx-arm64/tinyxml-2.6.2-h260d524_2.tar.bz2#514f487df6232e8dd819faf3c5915e58
https://conda.anaconda.org/conda-forge/osx-arm64/tinyxml2-11.0.0-ha1acc90_0.conda#6778d917f88222e8f27af8ec5c41f277
https://conda.anaconda.org/conda-forge/osx-arm64/tk-8.6.13-hd3d0363_3.conda#8e3cf0e455e6b54519f0b1c72c61780a
https://conda.anaconda.org/conda-forge/osx-arm64/urdfdom_headers-2.1.2-h4ddebb9_0.conda#63f5748e9c87198af9fa3691726e4325
https://conda.anaconda.org/conda-forge/osx-arm64/zlib-1.3.2-h8088a28_2.conda#f1c0bce276210bed45a04949cfe8dc20
https://conda.anaconda.org/conda-forge/osx-arm64/zlib-ng-2.3.3-hed4e4f5_1.conda#d99c2a23a31b0172e90f456f580b695e
https://conda.anaconda.org/conda-forge/osx-arm64/zstd-1.5.7-hbf9d68e_6.conda#ab136e4c34e97f34fb621d2592a393d8
https://conda.anaconda.org/conda-forge/osx-arm64/assimp-6.0.5-hd958caa_1.conda#fb471702292ab022fd5f118c78c8ddbd
https://conda.anaconda.org/conda-forge/osx-arm64/brotli-bin-1.2.0-hc919400_1.conda#377d015c103ad7f3371be1777f8b584c
https://conda.anaconda.org/conda-forge/osx-arm64/gettext-tools-0.25.1-h493aca8_0.conda#817042c017930497931da6aa04a47f09
https://conda.anaconda.org/conda-forge/osx-arm64/krb5-1.22.2-hfd3d5f3_1.conda#8780f41b013d19219faef9c82260744b
https://conda.anaconda.org/conda-forge/osx-arm64/libasprintf-devel-0.25.1-h493aca8_0.conda#c18067d2d5864e77f84456d97c1c17cc
https://conda.anaconda.org/conda-forge/osx-arm64/libboost-1.88.0-h0419b56_7.conda#34e8ce0732bb254bd17f0b9ecea788c2
https://conda.anaconda.org/conda-forge/osx-arm64/libfreetype6-2.14.3-hdfa99f5_1.conda#a0bb0678f67c464938d3693fa96f6884
https://conda.anaconda.org/conda-forge/osx-arm64/libgcc-15.2.0-hcbb3090_20.conda#6fdd748d713030aa15049387f44e6e3b
https://conda.anaconda.org/conda-forge/osx-arm64/libgettextpo-0.25.1-h493aca8_0.conda#98acd9989d0d8d5914ccc86dceb6c6c2
https://conda.anaconda.org/conda-forge/osx-arm64/libglib-2.88.2-ha08bb59_0.conda#03123cafdc96cef79fc8a615f9119b79
https://conda.anaconda.org/conda-forge/osx-arm64/libintl-devel-0.25.1-h493aca8_0.conda#5f9888e1cdbbbef52c8cf8b567393535
https://conda.anaconda.org/conda-forge/osx-arm64/libosqp-1.0.0-np2py313hd6693e2_2.conda#518be505183d9a27f89271fc6b904119
https://conda.anaconda.org/conda-forge/osx-arm64/libtiff-4.7.2-h282da08_0.conda#6fa87106b3c041ad6d965a9411e79b94
https://conda.anaconda.org/conda-forge/osx-arm64/libxml2-2.15.3-h5654f7c_0.conda#8e037d73747d6fe34e12d7bcac10cf21
https://conda.anaconda.org/conda-forge/osx-arm64/nss-3.118-h1c710a3_0.conda#ae07409126ced4f0d982dfeab0681016
https://conda.anaconda.org/conda-forge/osx-arm64/python-3.14.6-h156bc91_101_cp314.conda#6e9670f5238dfb27ef4f6364ed536cc0
https://conda.anaconda.org/conda-forge/osx-arm64/qhull-static-2020.2-h420ef59_5.conda#2e11932ae4df8342c7cc5fcbfcd7e5c8
https://conda.anaconda.org/conda-forge/osx-arm64/spdlog-1.17.0-ha0f8610_1.conda#1885f7cface8cd627774407eeacb2caf
https://conda.anaconda.org/conda-forge/osx-arm64/urdfdom-5.1.2-h0fa9b28_0.conda#61fee8187bd656ea15d5b5926c0d202a
https://conda.anaconda.org/conda-forge/osx-arm64/atk-1.0-2.38.0-hd03087b_2.conda#57301986d02d30d6805fdce6c99074ee
https://conda.anaconda.org/conda-forge/osx-arm64/brotli-1.2.0-h7d5ae5b_1.conda#48ece20aa479be6ac9a284772827d00c
https://conda.anaconda.org/conda-forge/noarch/colorama-0.4.6-pyhd8ed1ab_1.conda#962b9857ee8e7018c22f2776ffa0b2d7
https://conda.anaconda.org/conda-forge/noarch/cycler-0.12.1-pyhcf101f3_2.conda#4c2a8fef270f6c69591889b93f9f55c1
https://conda.anaconda.org/conda-forge/osx-arm64/cyrus-sasl-2.1.28-hb961e35_1.conda#784c64a42b083798c5acd2373df5b825
https://conda.anaconda.org/conda-forge/osx-arm64/gdk-pixbuf-2.44.7-h4e57454_0.conda#f717a22e13a1499c9552ffff02d22d64
https://conda.anaconda.org/conda-forge/osx-arm64/glib-tools-2.88.2-h246a70f_0.conda#973a5ef252899cd0916418c75a864169
https://conda.anaconda.org/conda-forge/osx-arm64/gts-0.7.6-he42f4ea_4.conda#21b4dd3098f63a74cf2aa9159cbef57d
https://conda.anaconda.org/conda-forge/noarch/iniconfig-2.3.0-pyhd8ed1ab_0.conda#9614359868482abba1bd15ce465e3c42
https://conda.anaconda.org/conda-forge/osx-arm64/kiwisolver-1.5.0-py314hf8a3a22_0.conda#eb1465d8a644ef290d18fb86af6e9bc4
https://conda.anaconda.org/conda-forge/osx-arm64/lcms2-2.19.1-hdfa7624_1.conda#d2f2c7c10e2957647d45589b7701a453
https://conda.anaconda.org/conda-forge/osx-arm64/libboost-devel-1.88.0-hf450f58_7.conda#0c30124ffa983f4eb3eb65d8ca2b4a8a
https://conda.anaconda.org/conda-forge/osx-arm64/libfreetype-2.14.3-hce30654_1.conda#0582e67cd14cfed773be2f3b1aba08e0
https://conda.anaconda.org/conda-forge/osx-arm64/libgettextpo-devel-0.25.1-h493aca8_0.conda#91c2fdde1cb4a61b5cb7afa682af359e
https://conda.anaconda.org/conda-forge/osx-arm64/libgfortran5-15.2.0-hdae7583_20.conda#fb8c120a070dc1ba6ae28f0e2e645962
https://conda.anaconda.org/conda-forge/osx-arm64/libgz-utils-4.0.0-h2e468d0_2.conda#845e29426cce112685a69b91b0cbc8ea
https://conda.anaconda.org/conda-forge/osx-arm64/libllvm18-18.1.8-default_h8e162e0_12.conda#07fa1c8d37db7e95117220979f1f4ba3
https://conda.anaconda.org/conda-forge/osx-arm64/libllvm22-22.1.8-h89af1be_1.conda#5726aa6dda93e10bd614e434e9c9b8fc
https://conda.anaconda.org/conda-forge/osx-arm64/markupsafe-3.0.3-py314h6e9b3f0_1.conda#d33c0a15882b70255abdd54711b06a45
https://conda.anaconda.org/conda-forge/noarch/munkres-1.1.4-pyhd8ed1ab_1.conda#37293a85a0f4f77bbd9cf7aaefc62609
https://conda.anaconda.org/conda-forge/osx-arm64/openjpeg-2.5.4-hd9e9057_0.conda#4b5d3a91320976eec71678fad1e3569b
https://conda.anaconda.org/conda-forge/noarch/packaging-26.2-pyhc364b38_0.conda#4c06a92e74452cfa53623a81592e8934
https://conda.anaconda.org/conda-forge/noarch/pluggy-1.6.0-pyhf9edf01_1.conda#d7585b6550ad04c8c5e21097ada2888e
https://conda.anaconda.org/conda-forge/noarch/ply-3.11-pyhd8ed1ab_3.conda#fd5062942bfa1b0bd5e0d2a4397b099e
https://conda.anaconda.org/conda-forge/noarch/pygments-2.20.0-pyhd8ed1ab_0.conda#16c18772b340887160c79a6acc022db0
https://conda.anaconda.org/conda-forge/noarch/pyparsing-3.3.2-pyhcf101f3_0.conda#3687cc0b82a8b4c17e1f0eb7e47163d5
https://conda.anaconda.org/conda-forge/noarch/setuptools-83.0.0-pyh332efcf_0.conda#6bf6acbab2499830180ec88c3aff2fa4
https://conda.anaconda.org/conda-forge/noarch/six-1.17.0-pyhe01879c_1.conda#3339e3b65d58accf4ca4fb8748ab16b3
https://conda.anaconda.org/conda-forge/noarch/toml-0.10.2-pyhcf101f3_3.conda#d0fc809fa4c4d85e959ce4ab6e1de800
https://conda.anaconda.org/conda-forge/noarch/tomli-2.4.1-pyhcf101f3_0.conda#b5325cf06a000c5b14970462ff5e4d58
https://conda.anaconda.org/conda-forge/osx-arm64/tornado-6.5.7-py314h6c2aa35_0.conda#cc1d84777343f00f01c08a2d9550f639
https://conda.anaconda.org/conda-forge/noarch/typing_extensions-4.16.0-pyhcf101f3_0.conda#c70ad746c22219b9700931707482992c
https://conda.anaconda.org/conda-forge/osx-arm64/unicodedata2-17.0.1-py314h6c2aa35_0.conda#4fffb3ba871bb05f34ffb705534dfef5
https://conda.anaconda.org/conda-forge/osx-arm64/coverage-7.15.2-py314h6e9b3f0_0.conda#37d13b690db9db6489f2b630c343ef2b
https://conda.anaconda.org/conda-forge/noarch/exceptiongroup-1.3.1-pyhd8ed1ab_0.conda#8e662bd460bda79b1ea39194e3c4c9ab
https://conda.anaconda.org/conda-forge/osx-arm64/fontconfig-2.18.2-h2b252f5_0.conda#992ac5eb08a3a29b5f465cf90f326471
https://conda.anaconda.org/conda-forge/noarch/fonttools-4.63.0-pyh7db6752_0.conda#0509ee74d95e5b98eb6fe2a47760e399
https://conda.anaconda.org/conda-forge/osx-arm64/freetype-2.14.3-hce30654_1.conda#7bd06ab4ed807154c2d9031eb5ebf025
https://conda.anaconda.org/conda-forge/osx-arm64/gettext-0.25.1-h3dcc1bd_0.conda#7059ba83fd98707b2cd9a5f06f589dd4
https://conda.anaconda.org/conda-forge/osx-arm64/glib-2.88.2-h2792883_0.conda#a53abd3898d5addc45f164e8c5dbef50
https://conda.anaconda.org/conda-forge/noarch/jinja2-3.1.6-pyhcf101f3_1.conda#04558c96691bed63104678757beb4f8d
https://conda.anaconda.org/conda-forge/osx-arm64/libclang-cpp18.1-18.1.8-default_hf3020a7_18.conda#4c5aaaf2f27ea600c899f64b01c9f1b0
https://conda.anaconda.org/conda-forge/osx-arm64/libclang-cpp22.1-22.1.8-default_hdca5a3d_3.conda#996a036eabb7a8594626fdc1cf758519
https://conda.anaconda.org/conda-forge/osx-arm64/libcoal-3.0.2-he950407_1.conda#e8bee9951ca9335769f7afd528b29334
https://conda.anaconda.org/conda-forge/osx-arm64/libgfortran-15.2.0-h07b0088_20.conda#13f8cd4261e99d055093225c2567c1d7
https://conda.anaconda.org/conda-forge/osx-arm64/libgz-math-9.2.0-h9326ef6_0.conda#97720fa83e4fe487d0e04eab0fac04b9
https://conda.anaconda.org/conda-forge/osx-arm64/openldap-2.6.13-hf7f56bc_0.conda#7940b03e5c1e85b0c8b8a74f3011783f
https://conda.anaconda.org/conda-forge/osx-arm64/pillow-12.3.0-py314hab283cf_0.conda#4f25498ea1962ab24097fed8700e91ae
https://conda.anaconda.org/conda-forge/noarch/python-dateutil-2.9.0.post0-pyhe01879c_2.conda#5b8d21249ff20967101ffa321cab24e8
https://conda.anaconda.org/conda-forge/osx-arm64/sip-6.15.3-py314h4ed92d5_0.conda#1b2fd24abcf11a703b5f8b7ccf8b2057
https://conda.anaconda.org/conda-forge/osx-arm64/cairo-1.18.4-he0f2337_1.conda#36200ecfbbfbcb82063c87725434161f
https://conda.anaconda.org/conda-forge/osx-arm64/gstreamer-1.26.11-h087694b_0.conda#82a094b798824b71e1152c4940b05958
https://conda.anaconda.org/conda-forge/osx-arm64/libclang13-22.1.8-default_h3bfd001_3.conda#2c49f55d9c150ce54e7c0f9d21664b47
https://conda.anaconda.org/conda-forge/osx-arm64/libgd-2.3.3-h05bcc79_12.conda#fa4a92cfaae9570d89700a292a9ca714
https://conda.anaconda.org/conda-forge/osx-arm64/libopenblas-0.3.33-openmp_he657e61_0.conda#909e41855c29f0d52ae630198cd57135
https://conda.anaconda.org/conda-forge/osx-arm64/libpq-18.4-ha770aab_0.conda#aa54929e5de39fc4ddd538650cdc2c86
https://conda.anaconda.org/conda-forge/osx-arm64/libscotch-7.0.11-int64_hc5c7ca1_3.conda#6a8cee5bf8c0272917bedc4318de4f2c
https://conda.anaconda.org/conda-forge/osx-arm64/pyqt5-sip-12.17.0-py314h93ecee7_2.conda#28a382eab52bf955386e8a7fc821f7f4
https://conda.anaconda.org/conda-forge/noarch/pytest-9.1.1-pyhc364b38_2.conda#64c98a12c4e23eb238bf66bbecafdf3c
https://conda.anaconda.org/conda-forge/osx-arm64/ruby-4.0.6-hbbfbfb4_0.conda#84a5664f38b165af01c86c2aeb5a37ed
https://conda.anaconda.org/conda-forge/osx-arm64/libblas-3.11.0-8_h51639a9_openblas.conda#dbfe729181a32741ae63ecb41eefbac6
https://conda.anaconda.org/conda-forge/osx-arm64/libgz-tools-2.0.3-h82ceeb4_1.conda#78b08bbed0ed3c27d9ffcb9acfe34ef7
https://conda.anaconda.org/conda-forge/osx-arm64/libharfbuzz-14.2.1-h5a65909_1.conda#e8d6e86663316dfbdec7dac532824516
https://conda.anaconda.org/conda-forge/noarch/pytest-cov-7.1.0-pyhcf101f3_0.conda#67d1790eefa81ed305b89d8e314c7923
https://conda.anaconda.org/conda-forge/osx-arm64/libcblas-3.11.0-8_hb0561ab_openblas.conda#03a2ef3491da9e5b4d18c03e9f4b3109
https://conda.anaconda.org/conda-forge/osx-arm64/libharfbuzz-devel-14.2.1-h5a65909_1.conda#e538f961a3042abf8307c5c5a6d6b09b
https://conda.anaconda.org/conda-forge/osx-arm64/liblapack-3.11.0-8_hd9741b5_openblas.conda#85adeb3d469d082dbd9c8c39e36dec57
https://conda.anaconda.org/conda-forge/osx-arm64/libraqm-0.10.5-h45af499_1.conda#fa1a27aaaa10e92be48372fa01573f7c
https://conda.anaconda.org/conda-forge/osx-arm64/libsdformat-16.0.1-py313hb61b691_1.conda#b4f8bcd0922953046449e139403ab240
https://conda.anaconda.org/conda-forge/osx-arm64/harfbuzz-14.2.1-hce30654_1.conda#95896299aa1012c7410629b2ee360f87
https://conda.anaconda.org/conda-forge/osx-arm64/mumps-seq-5.8.2-h49d0c1d_2.conda#2f93d2461c2ce57af8f1a06ef98b6146
https://conda.anaconda.org/conda-forge/osx-arm64/numpy-2.5.1-py314hb79c6fa_0.conda#3587914062d5537dde5fa8c2131cf624
https://conda.anaconda.org/conda-forge/osx-arm64/contourpy-1.3.3-py314hf8a3a22_4.conda#cddc851000ce131d757678c2f329eaad
https://conda.anaconda.org/conda-forge/osx-arm64/ipopt-3.14.19-h9191b9b_2.conda#d7ce0fa8a1d1840691a12bbf409f29c6
https://conda.anaconda.org/conda-forge/osx-arm64/libboost-python-1.88.0-py314hce24fef_7.conda#545c065df173b77ab97eb6ad190b985e
https://conda.anaconda.org/conda-forge/osx-arm64/pango-1.56.4-hf80efc4_1.conda#4b433508ebb295c05dd3d03daf27f7bb
https://conda.anaconda.org/conda-forge/noarch/pyqtgraph-0.14.0-pyhd8ed1ab_0.conda#1a9d422262ef2e0928a90dde1da5b33a
https://conda.anaconda.org/conda-forge/osx-arm64/scipy-1.18.0-py314h18e1515_0.conda#e55fe08bb5d43e7120672338dd129030
https://conda.anaconda.org/conda-forge/osx-arm64/casadi-3.7.2-py314h6d0a543_2.conda#84519c1bafe208792dddadd02794ceef
https://conda.anaconda.org/conda-forge/osx-arm64/gst-plugins-base-1.26.11-hda1d4dc_0.conda#400c61fc970839d3b23f2ffe822ead23
https://conda.anaconda.org/conda-forge/osx-arm64/gtk3-3.24.52-hc0f3e19_0.conda#5557a2433b1339b8e536c264afea41ef
https://conda.anaconda.org/conda-forge/osx-arm64/libboost-python-devel-1.88.0-py314hb99b3d4_7.conda#20c10fc58054faed5d87432472a3cedc
https://conda.anaconda.org/conda-forge/osx-arm64/librsvg-2.62.3-he8aa2a2_0.conda#6973724fadafe66ac6e4f1c55c191407
https://conda.anaconda.org/conda-forge/osx-arm64/matplotlib-base-3.11.1-py314hf6804ef_0.conda#1cac54a3e2276fc7b9a3e1b05ee1f424
https://conda.anaconda.org/conda-forge/noarch/adwaita-icon-theme-49.0-unix_0.conda#b3f0179590f3c0637b7eb5309898f79e
https://conda.anaconda.org/conda-forge/osx-arm64/eigenpy-3.12.0-np2py314h27da615_2.conda#0aba3257297d3a46a9fdcefe0f3ea5ea
https://conda.anaconda.org/conda-forge/osx-arm64/libpinocchio-4.0.0-h9a60d09_0.conda#adbb6e7cc52d0f4145136273261d1d55
https://conda.anaconda.org/conda-forge/osx-arm64/matplotlib-3.11.1-py314he55896b_0.conda#2fe243af871d9cda3e22704400f96add
https://conda.anaconda.org/conda-forge/noarch/pytest-mpl-0.19.0-pyhd8ed1ab_0.conda#db89279e1501c5709d414176149ecc0a
https://conda.anaconda.org/conda-forge/osx-arm64/qt-main-5.15.15-he8aa932_8.conda#c82d6b9e80f0b9f0d260560cd25547fe
https://conda.anaconda.org/conda-forge/osx-arm64/rbdl-3.3.1-hf7fd917_6.conda#19e0f71eea99c6a55752f218c0265f5b
https://conda.anaconda.org/conda-forge/osx-arm64/biorbd-1.12.3-py314hc019f1f_0.conda#9fc25b6928592cb55e62718db29925e7
https://conda.anaconda.org/conda-forge/osx-arm64/coal-python-3.0.2-py314h171c4e5_1.conda#f3104203ca9bc05c4555217d5c846616
https://conda.anaconda.org/conda-forge/osx-arm64/graphviz-14.1.2-hec8c438_0.conda#1f3d859de3ca2bcaa845e92e87d73660
https://conda.anaconda.org/conda-forge/osx-arm64/pyqt-5.15.11-py314h17b549b_2.conda#ff5afa9bdf5c659e2269e73256ab66a4
https://conda.anaconda.org/conda-forge/osx-arm64/coal-3.0.2-he55896b_1.conda#8bd1013408cd34b57c13258e7d8648a6
https://conda.anaconda.org/conda-forge/noarch/python-graphviz-0.21-pyhbacfb6d_0.conda#606d94da4566aa177df7615d68b29176
https://conda.anaconda.org/conda-forge/noarch/hpp-fcl-3.0.2-pyh2537366_0.conda#3dbb49ae85936ed1609f479acb1cc154
https://conda.anaconda.org/conda-forge/osx-arm64/pinocchio-python-4.0.0-py314hb2ddb22_0.conda#cd99d3bbf6732bf80c18ae225049e963
https://conda.anaconda.org/conda-forge/osx-arm64/pinocchio-4.0.0-h1725a08_0.conda#fbb8feafa81b3ca2d5b7afdcd6323a9b
